
Microsoft Visual Studio Solution File, Format Version 12.00
# Visual Studio Version 17
VisualStudioVersion = 17.14.36429.23 d17.14
MinimumVisualStudioVersion = 10.0.40219.1
Project("{8BC9CEB8-8B4A-11D0-8D11-00A0C91BC942}") = "StaticLib", "StaticLib\StaticLib.vcxproj", "{446BF031-D957-4999-954B-FA58E43D3234}"
EndProject
Project("{8BC9CEB8-8B4A-11D0-8D11-00A0C91BC942}") = "StaticLibTest", "StaticLibTest\StaticLibTest.vcxproj", "{38425959-B8EC-4E9E-A276-0BD3935EE38C}"
EndProject
Project("{8BC9CEB8-8B4A-11D0-8D11-00A0C91BC942}") = "DynamicLib", "DynamicLib\DynamicLib.vcxproj", "{465795BD-2E72-4687-9EE5-92FF82B7EAD3}"
EndProject
Project("{8BC9CEB8-8B4A-11D0-8D11-00A0C91BC942}") = "DynamicLibTest", "DynamicLibTest\DynamicLibTest.vcxproj", "{9747CF6A-7D6B-4FB5-986E-6F21C4DC8E4D}"
EndProject
Global
	GlobalSection(SolutionConfigurationPlatforms) = preSolution
		Debug|ARM64 = Debug|ARM64
		Debug|x64 = Debug|x64
		Debug|x86 = Debug|x86
		Release|ARM64 = Release|ARM64
		Release|x64 = Release|x64
		Release|x86 = Release|x86
	EndGlobalSection
	GlobalSection(ProjectConfigurationPlatforms) = postSolution
		{446BF031-D957-4999-954B-FA58E43D3234}.Debug|ARM64.ActiveCfg = Debug|ARM64
		{446BF031-D957-4999-954B-FA58E43D3234}.Debug|ARM64.Build.0 = Debug|ARM64
		{446BF031-D957-4999-954B-FA58E43D3234}.Debug|x64.ActiveCfg = Debug|x64
		{446BF031-D957-4999-954B-FA58E43D3234}.Debug|x64.Build.0 = Debug|x64
		{446BF031-D957-4999-954B-FA58E43D3234}.Debug|x86.ActiveCfg = Debug|Win32
		{446BF031-D957-4999-954B-FA58E43D3234}.Debug|x86.Build.0 = Debug|Win32
		{446BF031-D957-4999-954B-FA58E43D3234}.Release|ARM64.ActiveCfg = Release|ARM64
		{446BF031-D957-4999-954B-FA58E43D3234}.Release|ARM64.Build.0 = Release|ARM64
		{446BF031-D957-4999-954B-FA58E43D3234}.Release|x64.ActiveCfg = Release|x64
		{446BF031-D957-4999-954B-FA58E43D3234}.Release|x64.Build.0 = Release|x64
		{446BF031-D957-4999-954B-FA58E43D3234}.Release|x86.ActiveCfg = Release|Win32
		{446BF031-D957-4999-954B-FA58E43D3234}.Release|x86.Build.0 = Release|Win32
		{38425959-B8EC-4E9E-A276-0BD3935EE38C}.Debug|ARM64.ActiveCfg = Debug|ARM64
		{38425959-B8EC-4E9E-A276-0BD3935EE38C}.Debug|ARM64.Build.0 = Debug|ARM64
		{38425959-B8EC-4E9E-A276-0BD3935EE38C}.Debug|x64.ActiveCfg = Debug|x64
		{38425959-B8EC-4E9E-A276-0BD3935EE38C}.Debug|x64.Build.0 = Debug|x64
		{38425959-B8EC-4E9E-A276-0BD3935EE38C}.Debug|x86.ActiveCfg = Debug|Win32
		{38425959-B8EC-4E9E-A276-0BD3935EE38C}.Debug|x86.Build.0 = Debug|Win32
		{38425959-B8EC-4E9E-A276-0BD3935EE38C}.Release|ARM64.ActiveCfg = Release|ARM64
		{38425959-B8EC-4E9E-A276-0BD3935EE38C}.Release|ARM64.Build.0 = Release|ARM64
		{38425959-B8EC-4E9E-A276-0BD3935EE38C}.Release|x64.ActiveCfg = Release|x64
		{38425959-B8EC-4E9E-A276-0BD3935EE38C}.Release|x64.Build.0 = Release|x64
		{38425959-B8EC-4E9E-A276-0BD3935EE38C}.Release|x86.ActiveCfg = Release|Win32
		{38425959-B8EC-4E9E-A276-0BD3935EE38C}.Release|x86.Build.0 = Release|Win32
		{465795BD-2E72-4687-9EE5-92FF82B7EAD3}.Debug|ARM64.ActiveCfg = Debug|ARM64
		{465795BD-2E72-4687-9EE5-92FF82B7EAD3}.Debug|ARM64.Build.0 = Debug|ARM64
		{465795BD-2E72-4687-9EE5-92FF82B7EAD3}.Debug|x64.ActiveCfg = Debug|x64
		{465795BD-2E72-4687-9EE5-92FF82B7EAD3}.Debug|x64.Build.0 = Debug|x64
		{465795BD-2E72-4687-9EE5-92FF82B7EAD3}.Debug|x86.ActiveCfg = Debug|Win32
		{465795BD-2E72-4687-9EE5-92FF82B7EAD3}.Debug|x86.Build.0 = Debug|Win32
		{465795BD-2E72-4687-9EE5-92FF82B7EAD3}.Release|ARM64.ActiveCfg = Release|ARM64
		{465795BD-2E72-4687-9EE5-92FF82B7EAD3}.Release|ARM64.Build.0 = Release|ARM64
		{465795BD-2E72-4687-9EE5-92FF82B7EAD3}.Release|x64.ActiveCfg = Release|x64
		{465795BD-2E72-4687-9EE5-92FF82B7EAD3}.Release|x64.Build.0 = Release|x64
		{465795BD-2E72-4687-9EE5-92FF82B7EAD3}.Release|x86.ActiveCfg = Release|Win32
		{465795BD-2E72-4687-9EE5-92FF82B7EAD3}.Release|x86.Build.0 = Release|Win32
		{9747CF6A-7D6B-4FB5-986E-6F21C4DC8E4D}.Debug|ARM64.ActiveCfg = Debug|ARM64
		{9747CF6A-7D6B-4FB5-986E-6F21C4DC8E4D}.Debug|ARM64.Build.0 = Debug|ARM64
		{9747CF6A-7D6B-4FB5-986E-6F21C4DC8E4D}.Debug|x64.ActiveCfg = Debug|x64
		{9747CF6A-7D6B-4FB5-986E-6F21C4DC8E4D}.Debug|x64.Build.0 = Debug|x64
		{9747CF6A-7D6B-4FB5-986E-6F21C4DC8E4D}.Debug|x86.ActiveCfg = Debug|Win32
		{9747CF6A-7D6B-4FB5-986E-6F21C4DC8E4D}.Debug|x86.Build.0 = Debug|Win32
		{9747CF6A-7D6B-4FB5-986E-6F21C4DC8E4D}.Release|ARM64.ActiveCfg = Release|ARM64
		{9747CF6A-7D6B-4FB5-986E-6F21C4DC8E4D}.Release|ARM64.Build.0 = Release|ARM64
		{9747CF6A-7D6B-4FB5-986E-6F21C4DC8E4D}.Release|x64.ActiveCfg = Release|x64
		{9747CF6A-7D6B-4FB5-986E-6F21C4DC8E4D}.Release|x64.Build.0 = Release|x64
		{9747CF6A-7D6B-4FB5-986E-6F21C4DC8E4D}.Release|x86.ActiveCfg = Release|Win32
		{9747CF6A-7D6B-4FB5-986E-6F21C4DC8E4D}.Release|x86.Build.0 = Release|Win32
	EndGlobalSection
	GlobalSection(SolutionProperties) = preSolution
		HideSolutionNode = FALSE
	EndGlobalSection
	GlobalSection(ExtensibilityGlobals) = postSolution
		SolutionGuid = {62C9D50D-13FF-4F1B-B296-BEF719B41E2D}
	EndGlobalSection
EndGlobal
